
Microsoft Visual Studio Solution File, Format Version 12.00
Project("{2150E333-8FDC-42A3-9474-1A3956D46DE8}") = "src", "src", "{700CB0B9-759D-4BCA-8C5A-F1AF47BFED8A}"
EndProject
Project("{2150E333-8FDC-42A3-9474-1A3956D46DE8}") = "tests", "tests", "{81C3871D-5B92-4A67-9D73-E24A7DCE0104}"
EndProject
Project("{FAE04EC0-301F-11D3-BF4B-00C04F79EFBC}") = "BatteryControl.Tests", "tests\BatteryControl.Tests\BatteryControl.Tests.csproj", "{16349789-568C-49DC-8AFE-62AE1576C246}"
EndProject
Project("{FAE04EC0-301F-11D3-BF4B-00C04F79EFBC}") = "BatteryControl", "src\BatteryControl\BatteryControl.csproj", "{8AD30F4C-5BEE-41A8-9805-F3C24F25D5E8}"
EndProject
Global
	GlobalSection(SolutionConfigurationPlatforms) = preSolution
		Debug|Any CPU = Debug|Any CPU
		Release|Any CPU = Release|Any CPU
	EndGlobalSection
	GlobalSection(ProjectConfigurationPlatforms) = postSolution
		{16349789-568C-49DC-8AFE-62AE1576C246}.Debug|Any CPU.ActiveCfg = Debug|Any CPU
		{16349789-568C-49DC-8AFE-62AE1576C246}.Debug|Any CPU.Build.0 = Debug|Any CPU
		{16349789-568C-49DC-8AFE-62AE1576C246}.Release|Any CPU.ActiveCfg = Release|Any CPU
		{16349789-568C-49DC-8AFE-62AE1576C246}.Release|Any CPU.Build.0 = Release|Any CPU
		{8AD30F4C-5BEE-41A8-9805-F3C24F25D5E8}.Debug|Any CPU.ActiveCfg = Debug|Any CPU
		{8AD30F4C-5BEE-41A8-9805-F3C24F25D5E8}.Debug|Any CPU.Build.0 = Debug|Any CPU
		{8AD30F4C-5BEE-41A8-9805-F3C24F25D5E8}.Release|Any CPU.ActiveCfg = Release|Any CPU
		{8AD30F4C-5BEE-41A8-9805-F3C24F25D5E8}.Release|Any CPU.Build.0 = Release|Any CPU
	EndGlobalSection
	GlobalSection(NestedProjects) = preSolution
		{16349789-568C-49DC-8AFE-62AE1576C246} = {81C3871D-5B92-4A67-9D73-E24A7DCE0104}
		{8AD30F4C-5BEE-41A8-9805-F3C24F25D5E8} = {700CB0B9-759D-4BCA-8C5A-F1AF47BFED8A}
	EndGlobalSection
EndGlobal
